
Microsoft Visual Studio Solution File, Format Version 12.00
# Visual Studio Version 17
VisualStudioVersion = 17.4.33027.239
MinimumVisualStudioVersion = 10.0.40219.1
Project("{FAE04EC0-301F-11D3-BF4B-00C04F79EFBC}") = "XblContainerReader", "XblContainerReader\XblContainerReader.csproj", "{B023DF94-B8C1-425A-8BAD-02C49B3C24FE}"
EndProject
Project("{FAE04EC0-301F-11D3-BF4B-00C04F79EFBC}") = "LibXblContainer", "LibXblContainer\LibXblContainer.csproj", "{44BA0B6C-3F87-4D5B-871C-8E04D4A33B60}"
EndProject
Global
	GlobalSection(SolutionConfigurationPlatforms) = preSolution
		Debug|Any CPU = Debug|Any CPU
		Release|Any CPU = Release|Any CPU
	EndGlobalSection
	GlobalSection(ProjectConfigurationPlatforms) = postSolution
		{B023DF94-B8C1-425A-8BAD-02C49B3C24FE}.Debug|Any CPU.ActiveCfg = Debug|Any CPU
		{B023DF94-B8C1-425A-8BAD-02C49B3C24FE}.Debug|Any CPU.Build.0 = Debug|Any CPU
		{B023DF94-B8C1-425A-8BAD-02C49B3C24FE}.Release|Any CPU.ActiveCfg = Release|Any CPU
		{B023DF94-B8C1-425A-8BAD-02C49B3C24FE}.Release|Any CPU.Build.0 = Release|Any CPU
		{44BA0B6C-3F87-4D5B-871C-8E04D4A33B60}.Debug|Any CPU.ActiveCfg = Debug|Any CPU
		{44BA0B6C-3F87-4D5B-871C-8E04D4A33B60}.Debug|Any CPU.Build.0 = Debug|Any CPU
		{44BA0B6C-3F87-4D5B-871C-8E04D4A33B60}.Release|Any CPU.ActiveCfg = Release|Any CPU
		{44BA0B6C-3F87-4D5B-871C-8E04D4A33B60}.Release|Any CPU.Build.0 = Release|Any CPU
	EndGlobalSection
	GlobalSection(SolutionProperties) = preSolution
		HideSolutionNode = FALSE
	EndGlobalSection
	GlobalSection(ExtensibilityGlobals) = postSolution
		SolutionGuid = {EC030752-35F1-4AC1-B833-520B14E30FE2}
	EndGlobalSection
EndGlobal
